
Microsoft Visual Studio Solution File, Format Version 12.00
# Visual Studio Version 16
VisualStudioVersion = 16.0.32106.194
MinimumVisualStudioVersion = 10.0.40219.1
Project("{FAE04EC0-301F-11D3-BF4B-00C04F79EFBC}") = "EmployeeManagement", "EmployeeManagement\EmployeeManagement.csproj", "{11007C2E-7532-4B74-9F1F-3DAAC9E23725}"
EndProject
Global
	GlobalSection(SolutionConfigurationPlatforms) = preSolution
		Debug|Any CPU = Debug|Any CPU
		Release|Any CPU = Release|Any CPU
	EndGlobalSection
	GlobalSection(ProjectConfigurationPlatforms) = postSolution
		{11007C2E-7532-4B74-9F1F-3DAAC9E23725}.Debug|Any CPU.ActiveCfg = Debug|Any CPU
		{11007C2E-7532-4B74-9F1F-3DAAC9E23725}.Debug|Any CPU.Build.0 = Debug|Any CPU
		{11007C2E-7532-4B74-9F1F-3DAAC9E23725}.Release|Any CPU.ActiveCfg = Release|Any CPU
		{11007C2E-7532-4B74-9F1F-3DAAC9E23725}.Release|Any CPU.Build.0 = Release|Any CPU
	EndGlobalSection
	GlobalSection(SolutionProperties) = preSolution
		HideSolutionNode = FALSE
	EndGlobalSection
	GlobalSection(ExtensibilityGlobals) = postSolution
		SolutionGuid = {F77C59C1-E1C7-4527-8E39-5E26B4F0BE36}
	EndGlobalSection
EndGlobal
